# THIS IS AN AUTOGENERATED FILE. DO NOT EDIT THIS FILE DIRECTLY.
# yarn lockfile v1


"@esbuild/linux-x64@0.23.1":
  version "0.23.1"

"@esbuild/linux-x64@0.24.2":
  version "0.24.2"

"@faker-js/faker@^9.5.0":
  version "9.5.0"

"@jridgewell/sourcemap-codec@^1.5.0":
  version "1.5.0"

"@prisma/client@^6.3.1":
  version "6.3.1"

"@prisma/debug@6.3.1":
  version "6.3.1"

"@prisma/engines-version@6.3.0-17.acc0b9dd43eb689cbd20c9470515d719db10d0b0":
  version "6.3.0-17.acc0b9dd43eb689cbd20c9470515d719db10d0b0"

"@prisma/engines@6.3.1":
  version "6.3.1"
  dependencies:
    "@prisma/debug" "6.3.1"
    "@prisma/engines-version" "6.3.0-17.acc0b9dd43eb689cbd20c9470515d719db10d0b0"
    "@prisma/fetch-engine" "6.3.1"
    "@prisma/get-platform" "6.3.1"

"@prisma/fetch-engine@6.3.1":
  version "6.3.1"
  dependencies:
    "@prisma/debug" "6.3.1"
    "@prisma/engines-version" "6.3.0-17.acc0b9dd43eb689cbd20c9470515d719db10d0b0"
    "@prisma/get-platform" "6.3.1"

"@prisma/get-platform@6.3.1":
  version "6.3.1"
  dependencies:
    "@prisma/debug" "6.3.1"

"@rollup/rollup-linux-x64-gnu@4.34.7":
  version "4.34.7"

"@types/body-parser@*":
  version "1.19.5"
  dependencies:
    "@types/connect" "*"
    "@types/node" "*"

"@types/connect@*":
  version "3.4.38"
  dependencies:
    "@types/node" "*"

"@types/estree@^1.0.0", "@types/estree@1.0.6":
  version "1.0.6"

"@types/express-serve-static-core@^5.0.0":
  version "5.0.6"
  dependencies:
    "@types/node" "*"
    "@types/qs" "*"
    "@types/range-parser" "*"
    "@types/send" "*"

"@types/express@^5.0.0":
  version "5.0.0"
  dependencies:
    "@types/body-parser" "*"
    "@types/express-serve-static-core" "^5.0.0"
    "@types/qs" "*"
    "@types/serve-static" "*"

"@types/http-errors@*":
  version "2.0.4"

"@types/mime@^1":
  version "1.3.5"

"@types/node@*", "@types/node@^18.0.0 || ^20.0.0 || >=22.0.0":
  version "22.13.4"
  dependencies:
    undici-types "~6.20.0"

"@types/qs@*":
  version "6.9.18"

"@types/range-parser@*":
  version "1.2.7"

"@types/send@*":
  version "0.17.4"
  dependencies:
    "@types/mime" "^1"
    "@types/node" "*"

"@types/serve-static@*":
  version "1.15.7"
  dependencies:
    "@types/http-errors" "*"
    "@types/node" "*"
    "@types/send" "*"

"@vitest/expect@3.0.5":
  version "3.0.5"
  dependencies:
    "@vitest/spy" "3.0.5"
    "@vitest/utils" "3.0.5"
    chai "^5.1.2"
    tinyrainbow "^2.0.0"

"@vitest/mocker@3.0.5":
  version "3.0.5"
  dependencies:
    "@vitest/spy" "3.0.5"
    estree-walker "^3.0.3"
    magic-string "^0.30.17"

"@vitest/pretty-format@^3.0.5", "@vitest/pretty-format@3.0.5":
  version "3.0.5"
  dependencies:
    tinyrainbow "^2.0.0"

"@vitest/runner@3.0.5":
  version "3.0.5"
  dependencies:
    "@vitest/utils" "3.0.5"
    pathe "^2.0.2"

"@vitest/snapshot@3.0.5":
  version "3.0.5"
  dependencies:
    "@vitest/pretty-format" "3.0.5"
    magic-string "^0.30.17"
    pathe "^2.0.2"

"@vitest/spy@3.0.5":
  version "3.0.5"
  dependencies:
    tinyspy "^3.0.2"

"@vitest/utils@3.0.5":
  version "3.0.5"
  dependencies:
    "@vitest/pretty-format" "3.0.5"
    loupe "^3.1.2"
    tinyrainbow "^2.0.0"

accepts@~1.3.8:
  version "1.3.8"
  dependencies:
    mime-types "~2.1.34"
    negotiator "0.6.3"

array-flatten@1.1.1:
  version "1.1.1"

assertion-error@^2.0.1:
  version "2.0.1"

body-parser@1.20.3:
  version "1.20.3"
  dependencies:
    bytes "3.1.2"
    content-type "~1.0.5"
    debug "2.6.9"
    depd "2.0.0"
    destroy "1.2.0"
    http-errors "2.0.0"
    iconv-lite "0.4.24"
    on-finished "2.4.1"
    qs "6.13.0"
    raw-body "2.5.2"
    type-is "~1.6.18"
    unpipe "1.0.0"

bytes@3.1.2:
  version "3.1.2"

cac@^6.7.14:
  version "6.7.14"

call-bind-apply-helpers@^1.0.1:
  version "1.0.2"
  dependencies:
    es-errors "^1.3.0"
    function-bind "^1.1.2"

call-bound@^1.0.2:
  version "1.0.3"
  dependencies:
    call-bind-apply-helpers "^1.0.1"
    get-intrinsic "^1.2.6"

chai@^5.1.2:
  version "5.2.0"
  dependencies:
    assertion-error "^2.0.1"
    check-error "^2.1.1"
    deep-eql "^5.0.1"
    loupe "^3.1.0"
    pathval "^2.0.0"

check-error@^2.1.1:
  version "2.1.1"

content-disposition@0.5.4:
  version "0.5.4"
  dependencies:
    safe-buffer "5.2.1"

content-type@~1.0.4, content-type@~1.0.5:
  version "1.0.5"

cookie-signature@1.0.6:
  version "1.0.6"

cookie@0.7.1:
  version "0.7.1"

debug@^4.4.0:
  version "4.4.0"
  dependencies:
    ms "^2.1.3"

debug@2.6.9:
  version "2.6.9"
  dependencies:
    ms "2.0.0"

deep-eql@^5.0.1:
  version "5.0.2"

depd@2.0.0:
  version "2.0.0"

destroy@1.2.0:
  version "1.2.0"

dunder-proto@^1.0.1:
  version "1.0.1"
  dependencies:
    call-bind-apply-helpers "^1.0.1"
    es-errors "^1.3.0"
    gopd "^1.2.0"

ee-first@1.1.1:
  version "1.1.1"

encodeurl@~1.0.2:
  version "1.0.2"

encodeurl@~2.0.0:
  version "2.0.0"

es-define-property@^1.0.1:
  version "1.0.1"

es-errors@^1.3.0:
  version "1.3.0"

es-module-lexer@^1.6.0:
  version "1.6.0"

es-object-atoms@^1.0.0:
  version "1.1.1"
  dependencies:
    es-errors "^1.3.0"

esbuild@^0.24.2:
  version "0.24.2"
  optionalDependencies:
    "@esbuild/aix-ppc64" "0.24.2"
    "@esbuild/android-arm" "0.24.2"
    "@esbuild/android-arm64" "0.24.2"
    "@esbuild/android-x64" "0.24.2"
    "@esbuild/darwin-arm64" "0.24.2"
    "@esbuild/darwin-x64" "0.24.2"
    "@esbuild/freebsd-arm64" "0.24.2"
    "@esbuild/freebsd-x64" "0.24.2"
    "@esbuild/linux-arm" "0.24.2"
    "@esbuild/linux-arm64" "0.24.2"
    "@esbuild/linux-ia32" "0.24.2"
    "@esbuild/linux-loong64" "0.24.2"
    "@esbuild/linux-mips64el" "0.24.2"
    "@esbuild/linux-ppc64" "0.24.2"
    "@esbuild/linux-riscv64" "0.24.2"
    "@esbuild/linux-s390x" "0.24.2"
    "@esbuild/linux-x64" "0.24.2"
    "@esbuild/netbsd-arm64" "0.24.2"
    "@esbuild/netbsd-x64" "0.24.2"
    "@esbuild/openbsd-arm64" "0.24.2"
    "@esbuild/openbsd-x64" "0.24.2"
    "@esbuild/sunos-x64" "0.24.2"
    "@esbuild/win32-arm64" "0.24.2"
    "@esbuild/win32-ia32" "0.24.2"
    "@esbuild/win32-x64" "0.24.2"

esbuild@~0.23.0:
  version "0.23.1"
  optionalDependencies:
    "@esbuild/aix-ppc64" "0.23.1"
    "@esbuild/android-arm" "0.23.1"
    "@esbuild/android-arm64" "0.23.1"
    "@esbuild/android-x64" "0.23.1"
    "@esbuild/darwin-arm64" "0.23.1"
    "@esbuild/darwin-x64" "0.23.1"
    "@esbuild/freebsd-arm64" "0.23.1"
    "@esbuild/freebsd-x64" "0.23.1"
    "@esbuild/linux-arm" "0.23.1"
    "@esbuild/linux-arm64" "0.23.1"
    "@esbuild/linux-ia32" "0.23.1"
    "@esbuild/linux-loong64" "0.23.1"
    "@esbuild/linux-mips64el" "0.23.1"
    "@esbuild/linux-ppc64" "0.23.1"
    "@esbuild/linux-riscv64" "0.23.1"
    "@esbuild/linux-s390x" "0.23.1"
    "@esbuild/linux-x64" "0.23.1"
    "@esbuild/netbsd-x64" "0.23.1"
    "@esbuild/openbsd-arm64" "0.23.1"
    "@esbuild/openbsd-x64" "0.23.1"
    "@esbuild/sunos-x64" "0.23.1"
    "@esbuild/win32-arm64" "0.23.1"
    "@esbuild/win32-ia32" "0.23.1"
    "@esbuild/win32-x64" "0.23.1"

escape-html@~1.0.3:
  version "1.0.3"

estree-walker@^3.0.3:
  version "3.0.3"
  dependencies:
    "@types/estree" "^1.0.0"

etag@~1.8.1:
  version "1.8.1"

expect-type@^1.1.0:
  version "1.1.0"

express@^4.21.2:
  version "4.21.2"
  dependencies:
    accepts "~1.3.8"
    array-flatten "1.1.1"
    body-parser "1.20.3"
    content-disposition "0.5.4"
    content-type "~1.0.4"
    cookie "0.7.1"
    cookie-signature "1.0.6"
    debug "2.6.9"
    depd "2.0.0"
    encodeurl "~2.0.0"
    escape-html "~1.0.3"
    etag "~1.8.1"
    finalhandler "1.3.1"
    fresh "0.5.2"
    http-errors "2.0.0"
    merge-descriptors "1.0.3"
    methods "~1.1.2"
    on-finished "2.4.1"
    parseurl "~1.3.3"
    path-to-regexp "0.1.12"
    proxy-addr "~2.0.7"
    qs "6.13.0"
    range-parser "~1.2.1"
    safe-buffer "5.2.1"
    send "0.19.0"
    serve-static "1.16.2"
    setprototypeof "1.2.0"
    statuses "2.0.1"
    type-is "~1.6.18"
    utils-merge "1.0.1"
    vary "~1.1.2"

finalhandler@1.3.1:
  version "1.3.1"
  dependencies:
    debug "2.6.9"
    encodeurl "~2.0.0"
    escape-html "~1.0.3"
    on-finished "2.4.1"
    parseurl "~1.3.3"
    statuses "2.0.1"
    unpipe "~1.0.0"

forwarded@0.2.0:
  version "0.2.0"

fresh@0.5.2:
  version "0.5.2"

function-bind@^1.1.2:
  version "1.1.2"

get-intrinsic@^1.2.5, get-intrinsic@^1.2.6:
  version "1.2.7"
  dependencies:
    call-bind-apply-helpers "^1.0.1"
    es-define-property "^1.0.1"
    es-errors "^1.3.0"
    es-object-atoms "^1.0.0"
    function-bind "^1.1.2"
    get-proto "^1.0.0"
    gopd "^1.2.0"
    has-symbols "^1.1.0"
    hasown "^2.0.2"
    math-intrinsics "^1.1.0"

get-proto@^1.0.0:
  version "1.0.1"
  dependencies:
    dunder-proto "^1.0.1"
    es-object-atoms "^1.0.0"

get-tsconfig@^4.7.5:
  version "4.10.0"
  dependencies:
    resolve-pkg-maps "^1.0.0"

gopd@^1.2.0:
  version "1.2.0"

has-symbols@^1.1.0:
  version "1.1.0"

hasown@^2.0.2:
  version "2.0.2"
  dependencies:
    function-bind "^1.1.2"

http-errors@2.0.0:
  version "2.0.0"
  dependencies:
    depd "2.0.0"
    inherits "2.0.4"
    setprototypeof "1.2.0"
    statuses "2.0.1"
    toidentifier "1.0.1"

iconv-lite@0.4.24:
  version "0.4.24"
  dependencies:
    safer-buffer ">= 2.1.2 < 3"

inherits@2.0.4:
  version "2.0.4"

ipaddr.js@1.9.1:
  version "1.9.1"

loupe@^3.1.0, loupe@^3.1.2:
  version "3.1.3"

magic-string@^0.30.17:
  version "0.30.17"
  dependencies:
    "@jridgewell/sourcemap-codec" "^1.5.0"

math-intrinsics@^1.1.0:
  version "1.1.0"

media-typer@0.3.0:
  version "0.3.0"

merge-descriptors@1.0.3:
  version "1.0.3"

methods@~1.1.2:
  version "1.1.2"

mime-db@1.52.0:
  version "1.52.0"

mime-types@~2.1.24, mime-types@~2.1.34:
  version "2.1.35"
  dependencies:
    mime-db "1.52.0"

mime@1.6.0:
  version "1.6.0"

ms@^2.1.3, ms@2.1.3:
  version "2.1.3"

ms@2.0.0:
  version "2.0.0"

nanoid@^3.3.8:
  version "3.3.8"

negotiator@0.6.3:
  version "0.6.3"

object-inspect@^1.13.3:
  version "1.13.4"

on-finished@2.4.1:
  version "2.4.1"
  dependencies:
    ee-first "1.1.1"

parseurl@~1.3.3:
  version "1.3.3"

path-to-regexp@0.1.12:
  version "0.1.12"

pathe@^2.0.2:
  version "2.0.3"

pathval@^2.0.0:
  version "2.0.0"

picocolors@^1.1.1:
  version "1.1.1"

postcss@^8.5.1:
  version "8.5.2"
  dependencies:
    nanoid "^3.3.8"
    picocolors "^1.1.1"
    source-map-js "^1.2.1"

prisma@*, prisma@^6.3.1:
  version "6.3.1"
  dependencies:
    "@prisma/engines" "6.3.1"
  optionalDependencies:
    fsevents "2.3.3"

proxy-addr@~2.0.7:
  version "2.0.7"
  dependencies:
    forwarded "0.2.0"
    ipaddr.js "1.9.1"

qs@6.13.0:
  version "6.13.0"
  dependencies:
    side-channel "^1.0.6"

range-parser@~1.2.1:
  version "1.2.1"

raw-body@2.5.2:
  version "2.5.2"
  dependencies:
    bytes "3.1.2"
    http-errors "2.0.0"
    iconv-lite "0.4.24"
    unpipe "1.0.0"

resolve-pkg-maps@^1.0.0:
  version "1.0.0"

rollup@^4.30.1:
  version "4.34.7"
  dependencies:
    "@types/estree" "1.0.6"
  optionalDependencies:
    "@rollup/rollup-android-arm-eabi" "4.34.7"
    "@rollup/rollup-android-arm64" "4.34.7"
    "@rollup/rollup-darwin-arm64" "4.34.7"
    "@rollup/rollup-darwin-x64" "4.34.7"
    "@rollup/rollup-freebsd-arm64" "4.34.7"
    "@rollup/rollup-freebsd-x64" "4.34.7"
    "@rollup/rollup-linux-arm-gnueabihf" "4.34.7"
    "@rollup/rollup-linux-arm-musleabihf" "4.34.7"
    "@rollup/rollup-linux-arm64-gnu" "4.34.7"
    "@rollup/rollup-linux-arm64-musl" "4.34.7"
    "@rollup/rollup-linux-loongarch64-gnu" "4.34.7"
    "@rollup/rollup-linux-powerpc64le-gnu" "4.34.7"
    "@rollup/rollup-linux-riscv64-gnu" "4.34.7"
    "@rollup/rollup-linux-s390x-gnu" "4.34.7"
    "@rollup/rollup-linux-x64-gnu" "4.34.7"
    "@rollup/rollup-linux-x64-musl" "4.34.7"
    "@rollup/rollup-win32-arm64-msvc" "4.34.7"
    "@rollup/rollup-win32-ia32-msvc" "4.34.7"
    "@rollup/rollup-win32-x64-msvc" "4.34.7"
    fsevents "~2.3.2"

safe-buffer@5.2.1:
  version "5.2.1"

"safer-buffer@>= 2.1.2 < 3":
  version "2.1.2"

send@0.19.0:
  version "0.19.0"
  dependencies:
    debug "2.6.9"
    depd "2.0.0"
    destroy "1.2.0"
    encodeurl "~1.0.2"
    escape-html "~1.0.3"
    etag "~1.8.1"
    fresh "0.5.2"
    http-errors "2.0.0"
    mime "1.6.0"
    ms "2.1.3"
    on-finished "2.4.1"
    range-parser "~1.2.1"
    statuses "2.0.1"

serve-static@1.16.2:
  version "1.16.2"
  dependencies:
    encodeurl "~2.0.0"
    escape-html "~1.0.3"
    parseurl "~1.3.3"
    send "0.19.0"

setprototypeof@1.2.0:
  version "1.2.0"

side-channel-list@^1.0.0:
  version "1.0.0"
  dependencies:
    es-errors "^1.3.0"
    object-inspect "^1.13.3"

side-channel-map@^1.0.1:
  version "1.0.1"
  dependencies:
    call-bound "^1.0.2"
    es-errors "^1.3.0"
    get-intrinsic "^1.2.5"
    object-inspect "^1.13.3"

side-channel-weakmap@^1.0.2:
  version "1.0.2"
  dependencies:
    call-bound "^1.0.2"
    es-errors "^1.3.0"
    get-intrinsic "^1.2.5"
    object-inspect "^1.13.3"
    side-channel-map "^1.0.1"

side-channel@^1.0.6:
  version "1.1.0"
  dependencies:
    es-errors "^1.3.0"
    object-inspect "^1.13.3"
    side-channel-list "^1.0.0"
    side-channel-map "^1.0.1"
    side-channel-weakmap "^1.0.2"

siginfo@^2.0.0:
  version "2.0.0"

source-map-js@^1.2.1:
  version "1.2.1"

stackback@0.0.2:
  version "0.0.2"

statuses@2.0.1:
  version "2.0.1"

std-env@^3.8.0:
  version "3.8.0"

tinybench@^2.9.0:
  version "2.9.0"

tinyexec@^0.3.2:
  version "0.3.2"

tinypool@^1.0.2:
  version "1.0.2"

tinyrainbow@^2.0.0:
  version "2.0.0"

tinyspy@^3.0.2:
  version "3.0.2"

toidentifier@1.0.1:
  version "1.0.1"

tsx@^4.19.2, tsx@^4.8.1:
  version "4.19.2"
  dependencies:
    esbuild "~0.23.0"
    get-tsconfig "^4.7.5"
  optionalDependencies:
    fsevents "~2.3.3"

type-is@~1.6.18:
  version "1.6.18"
  dependencies:
    media-typer "0.3.0"
    mime-types "~2.1.24"

typescript@^5.7.3, typescript@>=5.1.0:
  version "5.7.3"

undici-types@~6.20.0:
  version "6.20.0"

unpipe@~1.0.0, unpipe@1.0.0:
  version "1.0.0"

utils-merge@1.0.1:
  version "1.0.1"

vary@~1.1.2:
  version "1.1.2"

vite-node@3.0.5:
  version "3.0.5"
  dependencies:
    cac "^6.7.14"
    debug "^4.4.0"
    es-module-lexer "^1.6.0"
    pathe "^2.0.2"
    vite "^5.0.0 || ^6.0.0"

"vite@^5.0.0 || ^6.0.0":
  version "6.1.0"
  dependencies:
    esbuild "^0.24.2"
    postcss "^8.5.1"
    rollup "^4.30.1"
  optionalDependencies:
    fsevents "~2.3.3"

vitest@^3.0.5:
  version "3.0.5"
  resolved "https://registry.npmjs.org/vitest/-/vitest-3.0.5.tgz"
  integrity sha512-4dof+HvqONw9bvsYxtkfUp2uHsTN9bV2CZIi1pWgoFpL1Lld8LA1ka9q/ONSsoScAKG7NVGf2stJTI7XRkXb2Q==
  dependencies:
    "@vitest/expect" "3.0.5"
    "@vitest/mocker" "3.0.5"
    "@vitest/pretty-format" "^3.0.5"
    "@vitest/runner" "3.0.5"
    "@vitest/snapshot" "3.0.5"
    "@vitest/spy" "3.0.5"
    "@vitest/utils" "3.0.5"
    chai "^5.1.2"
    debug "^4.4.0"
    expect-type "^1.1.0"
    magic-string "^0.30.17"
    pathe "^2.0.2"
    std-env "^3.8.0"
    tinybench "^2.9.0"
    tinyexec "^0.3.2"
    tinypool "^1.0.2"
    tinyrainbow "^2.0.0"
    vite "^5.0.0 || ^6.0.0"
    vite-node "3.0.5"
    why-is-node-running "^2.3.0"

why-is-node-running@^2.3.0:
  version "2.3.0"
  dependencies:
    siginfo "^2.0.0"
    stackback "0.0.2"
